
Microsoft Visual Studio Solution File, Format Version 12.00
# Visual Studio Version 17
VisualStudioVersion = 17.0.32014.148
MinimumVisualStudioVersion = 10.0.40219.1
Project("{FAE04EC0-301F-11D3-BF4B-00C04F79EFBC}") = "Library_app", "Library_app\Library_app.csproj", "{94914B01-0319-4A70-A4B2-66CD9D3D4DF6}"
EndProject
Global
	GlobalSection(SolutionConfigurationPlatforms) = preSolution
		Debug|Any CPU = Debug|Any CPU
		Release|Any CPU = Release|Any CPU
	EndGlobalSection
	GlobalSection(ProjectConfigurationPlatforms) = postSolution
		{94914B01-0319-4A70-A4B2-66CD9D3D4DF6}.Debug|Any CPU.ActiveCfg = Debug|Any CPU
		{94914B01-0319-4A70-A4B2-66CD9D3D4DF6}.Debug|Any CPU.Build.0 = Debug|Any CPU
		{94914B01-0319-4A70-A4B2-66CD9D3D4DF6}.Release|Any CPU.ActiveCfg = Release|Any CPU
		{94914B01-0319-4A70-A4B2-66CD9D3D4DF6}.Release|Any CPU.Build.0 = Release|Any CPU
	EndGlobalSection
	GlobalSection(SolutionProperties) = preSolution
		HideSolutionNode = FALSE
	EndGlobalSection
	GlobalSection(ExtensibilityGlobals) = postSolution
		SolutionGuid = {970C4839-0337-4078-8B24-94AD91A6E539}
	EndGlobalSection
EndGlobal
